[[package]]
name = "orjson"
version = "3.6.4"
description = "Fast, correct Python JSON library supporting dataclasses, datetimes, and numpy"
category = "main"
optional = false
python-versions = ">=3.7"

[[package]]
name = "pycairo"
version = "1.20.1"
description = "Python interface for cairo"
category = "main"
optional = false
python-versions = ">=3.6, <4"

[[package]]
name = "pygobject"
version = "3.42.0"
description = "Python bindings for GObject Introspection"
category = "main"
optional = false
python-versions = ">=3.6, <4"

[package.dependencies]
pycairo = ">=1.16,<2.0"

[[package]]
name = "tinydb"
version = "4.5.2"
description = "TinyDB is a tiny, document oriented database optimized for your happiness :)"
category = "main"
optional = false
python-versions = ">=3.5,<4.0"

[metadata]
lock-version = "1.1"
python-versions = "^3.8"
content-hash = "c03aabf1039a7c92d653ca447fbb6234bdfa63a1349f9612b7cc42fb01ea5572"

[metadata.files]
orjson = [
    {file = "orjson-3.6.4-cp310-cp310-macosx_10_7_x86_64.whl", hash = "sha256:fc01a15f3101628fd619158daec79b30d7461149735e73542ca8c13be6b835be"},
    {file = "orjson-3.6.4-cp310-cp310-manylinux_2_24_aarch64.whl", hash = "sha256:48a69fed90f551bf9e9bb7a63e363fed4f67fc7c6e6bfb057054dc78f6721e9e"},
    {file = "orjson-3.6.4-cp310-cp310-manylinux_2_24_x86_64.whl", hash = "sha256:3722f02f50861d5e2a6be9d50bfe8da27a5155bb60043118a4e1ceb8c7040cf7"},
    {file = "orjson-3.6.4-cp310-none-win_amd64.whl", hash = "sha256:231a99a728322d0271e970b149c57deb67315e6837e6cd4166cf51d30161700c"},
    {file = "orjson-3.6.4-cp37-cp37m-macosx_10_7_x86_64.whl", hash = "sha256:6cd300421b41f7e84e388b1792a18c3fc4c440ae3039434b9320956be05f0102"},
    {file = "orjson-3.6.4-cp37-cp37m-macosx_10_9_x86_64.macosx_11_0_arm64.macosx_10_9_universal2.whl", hash = "sha256:e55ef66ee1d35b1c43db275aff3a1ba7e0408b31e624912a612bd799df14e73e"},
    {file = "orjson-3.6.4-cp37-cp37m-manylinux_2_17_x86_64.manylinux2014_x86_64.whl", hash = "sha256:eef8d332af8e6f7d6d2c1f3b5384c8d239800c1405b136da5f1710e802918d57"},
    {file = "orjson-3.6.4-cp37-cp37m-manylinux_2_24_aarch64.whl", hash = "sha256:8896e242a92733e454378e22711bd43a55fda4e80604fcefcc064ca977623673"},
    {file = "orjson-3.6.4-cp37-cp37m-manylinux_2_24_x86_64.whl", hash = "sha256:bdfa6f29f7b6aad70ce14591b99fba651008afa6bc3759f158887bcdc568b452"},
    {file = "orjson-3.6.4-cp37-none-win_amd64.whl", hash = "sha256:7c16c44872d33da0b97050a9ea8f7bc04e930c56e8185657bc200e1875a671da"},
    {file = "orjson-3.6.4-cp38-cp38-macosx_10_7_x86_64.whl", hash = "sha256:b467551f3be1dd08aff70c261cc883b63483eb0e31861ffe2cd8dac4fec7cfa9"},
    {file = "orjson-3.6.4-cp38-cp38-macosx_10_9_x86_64.macosx_11_0_arm64.macosx_10_9_universal2.whl", hash = "sha256:7bf61afef12f6416db3ea377f3491ca8ac677d3cac6db1ebffb7a5fe92cce3ca"},
    {file = "orjson-3.6.4-cp38-cp38-manylinux_2_17_x86_64.manylinux2014_x86_64.whl", hash = "sha256:014ea74d4a5dd6a7e98540768072d5bd8c2fedbcbbedcbbaecbb614e66080e81"},
    {file = "orjson-3.6.4-cp38-cp38-manylinux_2_24_aarch64.whl", hash = "sha256:705cb90c536b4b9336c06b4a62c3c62e50354ddf20a2e48eb62bf34fb93d5b1f"},
    {file = "orjson-3.6.4-cp38-cp38-manylinux_2_24_x86_64.whl", hash = "sha256:159e2240fc36720a5cb51a1cbc9905dcb8758aad50b3e7f14f6178ce2e842004"},
    {file = "orjson-3.6.4-cp38-none-win_amd64.whl", hash = "sha256:d2ae087866a1050de83c2a28490850badb41aeeb8a4605c84dd6004d4e58b5a4"},
    {file = "orjson-3.6.4-cp39-cp39-macosx_10_7_x86_64.whl", hash = "sha256:b4a7efe039b1154b23e5df8787ac01e4621213aed303b6304a5f8ad89c01455d"},
    {file = "orjson-3.6.4-cp39-cp39-macosx_10_9_x86_64.macosx_11_0_arm64.macosx_10_9_universal2.whl", hash = "sha256:7b24f97ed76005f447e152b0e493abce8c60f010131998295175446312a71caf"},
    {file = "orjson-3.6.4-cp39-cp39-manylinux_2_17_x86_64.manylinux2014_x86_64.whl", hash = "sha256:1121187e2a721864b52e5dbb3cf8dd4a4546519a5fef1e13fa777347fb8884a2"},
    {file = "orjson-3.6.4-cp39-cp39-manylinux_2_24_aarch64.whl", hash = "sha256:4edffd9e2298ff4f4f939aa67248eba043dc65c9e7d940c28a62c5502c6f2aa8"},
    {file = "orjson-3.6.4-cp39-cp39-manylinux_2_24_x86_64.whl", hash = "sha256:e236fe94d8a77532f0065870fe265bd53e229012f39af99f79f5f1d4a8b0067c"},
    {file = "orjson-3.6.4-cp39-none-win_amd64.whl", hash = "sha256:5448cc1edd4c4bafc968404f92f0e9a582b4326ca442346bd1d1179a6faf52d9"},
    {file = "orjson-3.6.4.tar.gz", hash = "sha256:f8dbc428fc6d7420f231a7133d8dff4c882e64acb585dcf2fda74bdcfe1a6d9d"},
]
pycairo = [
    {file = "pycairo-1.20.1-cp310-cp310-win32.whl", hash = "sha256:736ffc618e851601e861a630293e5c910ef016b83b2d035a336f83a367bf56ab"},
    {file = "pycairo-1.20.1-cp310-cp310-win_amd64.whl", hash = "sha256:261c69850d4b2ec03346c9745bad2a835bb8124e4c6961b8ceac503d744eb3b3"},
    {file = "pycairo-1.20.1-cp36-cp36m-win32.whl", hash = "sha256:6db823a18e7be1eb2a29c28961f2f01e84d3b449f06be7338d05ac8f90592cd5"},
    {file = "pycairo-1.20.1-cp36-cp36m-win_amd64.whl", hash = "sha256:5525da2d8de912750dd157752aa96f1f0a42a437c5625e85b14c936b5c6305ae"},
    {file = "pycairo-1.20.1-cp37-cp37m-win32.whl", hash = "sha256:c8c2bb933974d91c5d19e54b846d964de177e7bf33433bf34ac34c85f9b30e94"},
    {file = "pycairo-1.20.1-cp37-cp37m-win_amd64.whl", hash = "sha256:9a32e4a3574a104aa876c35d5e71485dfd6986b18d045534c6ec510c44d5d6a7"},
    {file = "pycairo-1.20.1-cp38-cp38-win32.whl", hash = "sha256:0d7a6754d410d911a46f00396bee4be96500ccd3d178e7e98aef1140e3dd67ae"},
    {file = "pycairo-1.20.1-cp38-cp38-win_amd64.whl", hash = "sha256:b605151cdd23cedb31855b8666371b6e26b80f02753a52c8b8023a916b1df812"},
    {file = "pycairo-1.20.1-cp39-cp39-win32.whl", hash = "sha256:e800486b51fffeb11ed867b4f2220d446e2a60a81a73b7c377123e0cbb72f49d"},
    {file = "pycairo-1.20.1-cp39-cp39-win_amd64.whl", hash = "sha256:f123d3818e30b77b7209d70a6dcfd5b4e34885f9fa539d92dd7ff3e4e2037213"},
    {file = "pycairo-1.20.1.tar.gz", hash = "sha256:1ee72b035b21a475e1ed648e26541b04e5d7e753d75ca79de8c583b25785531b"},
]
pygobject = [
    {file = "PyGObject-3.42.0.tar.gz", hash = "sha256:b9803991ec0b0b4175e81fee0ad46090fa7af438fe169348a9b18ae53447afcd"},
]
tinydb = [
    {file = "tinydb-4.5.2-py3-none-any.whl", hash = "sha256:3c5e5c72c98db07e707be4e25f9e135a8a14b96938e4745b1b7187fec523ff58"},
    {file = "tinydb-4.5.2.tar.gz", hash = "sha256:7d18b2d0217827c188f177cd23df60e5cd5316a717e836a8e21c8c2488262cf5"},
]
