# This file is automatically @generated by Poetry 1.7.1 and should not be changed by hand.

[[package]]
name = "aiosqlite"
version = "0.19.0"
description = "asyncio bridge to the standard sqlite3 module"
optional = false
python-versions = ">=3.7"
files = [
    {file = "aiosqlite-0.19.0-py3-none-any.whl", hash = "sha256:edba222e03453e094a3ce605db1b970c4b3376264e56f32e2a4959f948d66a96"},
    {file = "aiosqlite-0.19.0.tar.gz", hash = "sha256:95ee77b91c8d2808bd08a59fbebf66270e9090c3d92ffbf260dc0db0b979577d"},
]

[package.extras]
dev = ["aiounittest (==1.4.1)", "attribution (==1.6.2)", "black (==23.3.0)", "coverage[toml] (==7.2.3)", "flake8 (==5.0.4)", "flake8-bugbear (==23.3.12)", "flit (==3.7.1)", "mypy (==1.2.0)", "ufmt (==2.1.0)", "usort (==1.0.6)"]
docs = ["sphinx (==6.1.3)", "sphinx-mdinclude (==0.5.3)"]

[[package]]
name = "black"
version = "23.12.1"
description = "The uncompromising code formatter."
optional = false
python-versions = ">=3.8"
files = [
    {file = "black-23.12.1-cp310-cp310-macosx_10_9_x86_64.whl", hash = "sha256:e0aaf6041986767a5e0ce663c7a2f0e9eaf21e6ff87a5f95cbf3675bfd4c41d2"},
    {file = "black-23.12.1-cp310-cp310-macosx_11_0_arm64.whl", hash = "sha256:c88b3711d12905b74206227109272673edce0cb29f27e1385f33b0163c414bba"},
    {file = "black-23.12.1-cp310-cp310-manylinux_2_17_x86_64.manylinux2014_x86_64.whl", hash = "sha256:a920b569dc6b3472513ba6ddea21f440d4b4c699494d2e972a1753cdc25df7b0"},
    {file = "black-23.12.1-cp310-cp310-win_amd64.whl", hash = "sha256:3fa4be75ef2a6b96ea8d92b1587dd8cb3a35c7e3d51f0738ced0781c3aa3a5a3"},
    {file = "black-23.12.1-cp311-cp311-macosx_10_9_x86_64.whl", hash = "sha256:8d4df77958a622f9b5a4c96edb4b8c0034f8434032ab11077ec6c56ae9f384ba"},
    {file = "black-23.12.1-cp311-cp311-macosx_11_0_arm64.whl", hash = "sha256:602cfb1196dc692424c70b6507593a2b29aac0547c1be9a1d1365f0d964c353b"},
    {file = "black-23.12.1-cp311-cp311-manylinux_2_17_x86_64.manylinux2014_x86_64.whl", hash = "sha256:9c4352800f14be5b4864016882cdba10755bd50805c95f728011bcb47a4afd59"},
    {file = "black-23.12.1-cp311-cp311-win_amd64.whl", hash = "sha256:0808494f2b2df923ffc5723ed3c7b096bd76341f6213989759287611e9837d50"},
    {file = "black-23.12.1-cp312-cp312-macosx_10_9_x86_64.whl", hash = "sha256:25e57fd232a6d6ff3f4478a6fd0580838e47c93c83eaf1ccc92d4faf27112c4e"},
    {file = "black-23.12.1-cp312-cp312-macosx_11_0_arm64.whl", hash = "sha256:2d9e13db441c509a3763a7a3d9a49ccc1b4e974a47be4e08ade2a228876500ec"},
    {file = "black-23.12.1-cp312-cp312-manylinux_2_17_x86_64.manylinux2014_x86_64.whl", hash = "sha256:6d1bd9c210f8b109b1762ec9fd36592fdd528485aadb3f5849b2740ef17e674e"},
    {file = "black-23.12.1-cp312-cp312-win_amd64.whl", hash = "sha256:ae76c22bde5cbb6bfd211ec343ded2163bba7883c7bc77f6b756a1049436fbb9"},
    {file = "black-23.12.1-cp38-cp38-macosx_10_9_x86_64.whl", hash = "sha256:1fa88a0f74e50e4487477bc0bb900c6781dbddfdfa32691e780bf854c3b4a47f"},
    {file = "black-23.12.1-cp38-cp38-macosx_11_0_arm64.whl", hash = "sha256:a4d6a9668e45ad99d2f8ec70d5c8c04ef4f32f648ef39048d010b0689832ec6d"},
    {file = "black-23.12.1-cp38-cp38-manylinux_2_17_x86_64.manylinux2014_x86_64.whl", hash = "sha256:b18fb2ae6c4bb63eebe5be6bd869ba2f14fd0259bda7d18a46b764d8fb86298a"},
    {file = "black-23.12.1-cp38-cp38-win_amd64.whl", hash = "sha256:c04b6d9d20e9c13f43eee8ea87d44156b8505ca8a3c878773f68b4e4812a421e"},
    {file = "black-23.12.1-cp39-cp39-macosx_10_9_x86_64.whl", hash = "sha256:3e1b38b3135fd4c025c28c55ddfc236b05af657828a8a6abe5deec419a0b7055"},
    {file = "black-23.12.1-cp39-cp39-macosx_11_0_arm64.whl", hash = "sha256:4f0031eaa7b921db76decd73636ef3a12c942ed367d8c3841a0739412b260a54"},
    {file = "black-23.12.1-cp39-cp39-manylinux_2_17_x86_64.manylinux2014_x86_64.whl", hash = "sha256:97e56155c6b737854e60a9ab1c598ff2533d57e7506d97af5481141671abf3ea"},
    {file = "black-23.12.1-cp39-cp39-win_amd64.whl", hash = "sha256:dd15245c8b68fe2b6bd0f32c1556509d11bb33aec9b5d0866dd8e2ed3dba09c2"},
    {file = "black-23.12.1-py3-none-any.whl", hash = "sha256:78baad24af0f033958cad29731e27363183e140962595def56423e626f4bee3e"},
    {file = "black-23.12.1.tar.gz", hash = "sha256:4ce3ef14ebe8d9509188014d96af1c456a910d5b5cbf434a09fef7e024b3d0d5"},
]

[package.dependencies]
click = ">=8.0.0"
mypy-extensions = ">=0.4.3"
packaging = ">=22.0"
pathspec = ">=0.9.0"
platformdirs = ">=2"

[package.extras]
colorama = ["colorama (>=0.4.3)"]
d = ["aiohttp (>=3.7.4)", "aiohttp (>=3.7.4,!=3.9.0)"]
jupyter = ["ipython (>=7.8.0)", "tokenize-rt (>=3.2.0)"]
uvloop = ["uvloop (>=0.15.2)"]

[[package]]
name = "click"
version = "8.1.7"
description = "Composable command line interface toolkit"
optional = false
python-versions = ">=3.7"
files = [
    {file = "click-8.1.7-py3-none-any.whl", hash = "sha256:ae74fb96c20a0277a1d615f1e4d73c8414f5a98db8b799a7931d1582f3390c28"},
    {file = "click-8.1.7.tar.gz", hash = "sha256:ca9853ad459e787e2192211578cc907e7594e294c7ccc834310722b41b9ca6de"},
]

[package.dependencies]
colorama = {version = "*", markers = "platform_system == \"Windows\""}

[[package]]
name = "colorama"
version = "0.4.6"
description = "Cross-platform colored terminal text."
optional = false
python-versions = "!=3.0.*,!=3.1.*,!=3.2.*,!=3.3.*,!=3.4.*,!=3.5.*,!=3.6.*,>=2.7"
files = [
    {file = "colorama-0.4.6-py2.py3-none-any.whl", hash = "sha256:4f1d9991f5acc0ca119f9d443620b77f9d6b33703e51011c16baf57afb285fc6"},
    {file = "colorama-0.4.6.tar.gz", hash = "sha256:08695f5cb7ed6e0531a20572697297273c47b8cae5a63ffc6d6ed5c201be6e44"},
]

[[package]]
name = "dasbus"
version = "1.7"
description = "DBus library in Python 3"
optional = false
python-versions = ">=3.6"
files = [
    {file = "dasbus-1.7-py3-none-any.whl", hash = "sha256:0a9433e9e72c2c865fa2d5ef824ac4ef49b540cf57f6396e515c2f314e5c14cd"},
    {file = "dasbus-1.7.tar.gz", hash = "sha256:a8850d841adfe8ee5f7bb9f82cf449ab9b4950dc0633897071718e0d0036b6f6"},
]

[[package]]
name = "easytray"
version = "0.2.0"
description = "Python program for applications that want to use the tray icon using KStatusNotifier, but are not written using QT. Examples using GTK4 (PyGObject)."
optional = false
python-versions = "^3.11"
files = []
develop = false

[package.dependencies]
dasbus = "^1.7"
pygobject = "^3.46.0"

[package.source]
type = "git"
url = "https://github.com/jiri-one/easytray.git"
reference = "HEAD"
resolved_reference = "5c801d360f9d10bfd03db8e959c8421160f9fdfa"

[[package]]
name = "hupper"
version = "1.12"
description = "Integrated process monitor for developing and reloading daemons."
optional = false
python-versions = ">=3.7"
files = [
    {file = "hupper-1.12-py3-none-any.whl", hash = "sha256:b8bc41bb75939e816f30f118026d0ba99544af4d6992583df3b4813765af27ef"},
    {file = "hupper-1.12.tar.gz", hash = "sha256:18b1653d9832c9f8e7d3401986c7e7af2ae6783616be0bc406bfe0b14134a5c6"},
]

[package.extras]
docs = ["Sphinx", "pylons-sphinx-themes", "setuptools", "watchdog"]
testing = ["mock", "pytest", "pytest-cov", "watchdog"]

[[package]]
name = "iniconfig"
version = "2.0.0"
description = "brain-dead simple config-ini parsing"
optional = false
python-versions = ">=3.7"
files = [
    {file = "iniconfig-2.0.0-py3-none-any.whl", hash = "sha256:b6a85871a79d2e3b22d2d1b94ac2824226a63c6b741c88f7ae975f18b6778374"},
    {file = "iniconfig-2.0.0.tar.gz", hash = "sha256:2d91e135bf72d31a410b17c16da610a82cb55f6b0477d1a902134b24a455b8b3"},
]

[[package]]
name = "mypy-extensions"
version = "1.0.0"
description = "Type system extensions for programs checked with the mypy type checker."
optional = false
python-versions = ">=3.5"
files = [
    {file = "mypy_extensions-1.0.0-py3-none-any.whl", hash = "sha256:4392f6c0eb8a5668a69e23d168ffa70f0be9ccfd32b5cc2d26a34ae5b844552d"},
    {file = "mypy_extensions-1.0.0.tar.gz", hash = "sha256:75dbf8955dc00442a438fc4d0666508a9a97b6bd41aa2f0ffe9d2f2725af0782"},
]

[[package]]
name = "packaging"
version = "23.2"
description = "Core utilities for Python packages"
optional = false
python-versions = ">=3.7"
files = [
    {file = "packaging-23.2-py3-none-any.whl", hash = "sha256:8c491190033a9af7e1d931d0b5dacc2ef47509b34dd0de67ed209b5203fc88c7"},
    {file = "packaging-23.2.tar.gz", hash = "sha256:048fb0e9405036518eaaf48a55953c750c11e1a1b68e0dd1a9d62ed0c092cfc5"},
]

[[package]]
name = "pathspec"
version = "0.12.1"
description = "Utility library for gitignore style pattern matching of file paths."
optional = false
python-versions = ">=3.8"
files = [
    {file = "pathspec-0.12.1-py3-none-any.whl", hash = "sha256:a0d503e138a4c123b27490a4f7beda6a01c6f288df0e4a8b79c7eb0dc7b4cc08"},
    {file = "pathspec-0.12.1.tar.gz", hash = "sha256:a482d51503a1ab33b1c67a6c3813a26953dbdc71c31dacaef9a838c4e29f5712"},
]

[[package]]
name = "platformdirs"
version = "4.1.0"
description = "A small Python package for determining appropriate platform-specific dirs, e.g. a \"user data dir\"."
optional = false
python-versions = ">=3.8"
files = [
    {file = "platformdirs-4.1.0-py3-none-any.whl", hash = "sha256:11c8f37bcca40db96d8144522d925583bdb7a31f7b0e37e3ed4318400a8e2380"},
    {file = "platformdirs-4.1.0.tar.gz", hash = "sha256:906d548203468492d432bcb294d4bc2fff751bf84971fbb2c10918cc206ee420"},
]

[package.extras]
docs = ["furo (>=2023.7.26)", "proselint (>=0.13)", "sphinx (>=7.1.1)", "sphinx-autodoc-typehints (>=1.24)"]
test = ["appdirs (==1.4.4)", "covdefaults (>=2.3)", "pytest (>=7.4)", "pytest-cov (>=4.1)", "pytest-mock (>=3.11.1)"]

[[package]]
name = "pluggy"
version = "1.3.0"
description = "plugin and hook calling mechanisms for python"
optional = false
python-versions = ">=3.8"
files = [
    {file = "pluggy-1.3.0-py3-none-any.whl", hash = "sha256:d89c696a773f8bd377d18e5ecda92b7a3793cbe66c87060a6fb58c7b6e1061f7"},
    {file = "pluggy-1.3.0.tar.gz", hash = "sha256:cf61ae8f126ac6f7c451172cf30e3e43d3ca77615509771b3a984a0730651e12"},
]

[package.extras]
dev = ["pre-commit", "tox"]
testing = ["pytest", "pytest-benchmark"]

[[package]]
name = "pycairo"
version = "1.25.1"
description = "Python interface for cairo"
optional = false
python-versions = ">=3.8"
files = [
    {file = "pycairo-1.25.1-cp310-cp310-win32.whl", hash = "sha256:cacb5c2abbfdfc79c728ab261ff791511e4957b606c660f9b380975b678b728f"},
    {file = "pycairo-1.25.1-cp310-cp310-win_amd64.whl", hash = "sha256:109ebbeb5bbc510b726fc31251071264dec241e5084d0668f846d7e17e5af8e0"},
    {file = "pycairo-1.25.1-cp310-cp310-win_arm64.whl", hash = "sha256:b19269a8bf9ab5e3c617f2699bed00977fd02ff304339a233654456c0236f7c6"},
    {file = "pycairo-1.25.1-cp311-cp311-win32.whl", hash = "sha256:b10e58a3ce41e487aae15050b630742e880d4135cee7a69cee2c0ea2a0b4bd0a"},
    {file = "pycairo-1.25.1-cp311-cp311-win_amd64.whl", hash = "sha256:fcf5511b05a652a0ef87f626bf26bfc1b796a67f0d1bd40781c62986fb41c356"},
    {file = "pycairo-1.25.1-cp311-cp311-win_arm64.whl", hash = "sha256:4133ba3ef6d875aa1b16643dc0801846f463b8e78750f5308c41902dfeac5b9a"},
    {file = "pycairo-1.25.1-cp312-cp312-win32.whl", hash = "sha256:56fee2837a07ecd914f4fbf78ff59445f78becd658fe36125101925dd489eb94"},
    {file = "pycairo-1.25.1-cp312-cp312-win_amd64.whl", hash = "sha256:fb31eec2c41ec74e23dc0fc9feb4007b4c37f78ec76220ed92530b342e09821a"},
    {file = "pycairo-1.25.1-cp312-cp312-win_arm64.whl", hash = "sha256:27011d822952d7817130fc17f490de94328590bc8d45bdbca9ec4a47039fca22"},
    {file = "pycairo-1.25.1-cp38-cp38-win32.whl", hash = "sha256:9a7c5ed92fe87f60e9796777d5255f2df2deeb8ab1e3c296e67a1d8c9790808c"},
    {file = "pycairo-1.25.1-cp38-cp38-win_amd64.whl", hash = "sha256:48603ad31616140ad6fa097f13086d0ce8f29ead35ad6a215962f3b0496a5a70"},
    {file = "pycairo-1.25.1-cp39-cp39-win32.whl", hash = "sha256:97666c084e9eb1c08c7fd6d306d153767acdf03c0d80349ec55863cecd4138e0"},
    {file = "pycairo-1.25.1-cp39-cp39-win_amd64.whl", hash = "sha256:ac5437d140eccd97af12a618cc1ace0d9a85f1269f29e963751949f132828b21"},
    {file = "pycairo-1.25.1-cp39-cp39-win_arm64.whl", hash = "sha256:bda5d10adbf1f5eba6b524b5a70ccf7f659680b77e691ff94b312f25a6fcc91f"},
    {file = "pycairo-1.25.1.tar.gz", hash = "sha256:7e2be4fbc3b4536f16db7a11982cbf713e75069a4d73d44fe5a49b68423f5c0c"},
]

[[package]]
name = "pygobject"
version = "3.46.0"
description = "Python bindings for GObject Introspection"
optional = false
python-versions = ">=3.8, <4"
files = [
    {file = "PyGObject-3.46.0.tar.gz", hash = "sha256:481437b05af0a66b7c366ea052710eb3aacbb979d22d30b797f7ec29347ab1e6"},
]

[package.dependencies]
pycairo = ">=1.16,<2.0"

[[package]]
name = "pygobject-stubs"
version = "2.10.0"
description = "Typing stubs for PyGObject"
optional = false
python-versions = ">=3.7"
files = [
    {file = "PyGObject-stubs-2.10.0.tar.gz", hash = "sha256:c1842f9bbb91873520376087008c829b060dad1b0ee5aa5b905f0d13ee79fe20"},
]

[package.extras]
dev = ["PyGObject", "black", "codespell", "isort", "pre-commit", "ruff"]

[[package]]
name = "pytest"
version = "7.4.3"
description = "pytest: simple powerful testing with Python"
optional = false
python-versions = ">=3.7"
files = [
    {file = "pytest-7.4.3-py3-none-any.whl", hash = "sha256:0d009c083ea859a71b76adf7c1d502e4bc170b80a8ef002da5806527b9591fac"},
    {file = "pytest-7.4.3.tar.gz", hash = "sha256:d989d136982de4e3b29dabcc838ad581c64e8ed52c11fbe86ddebd9da0818cd5"},
]

[package.dependencies]
colorama = {version = "*", markers = "sys_platform == \"win32\""}
iniconfig = "*"
packaging = "*"
pluggy = ">=0.12,<2.0"

[package.extras]
testing = ["argcomplete", "attrs (>=19.2.0)", "hypothesis (>=3.56)", "mock", "nose", "pygments (>=2.7.2)", "requests", "setuptools", "xmlschema"]

[[package]]
name = "pytest-asyncio"
version = "0.23.2"
description = "Pytest support for asyncio"
optional = false
python-versions = ">=3.8"
files = [
    {file = "pytest-asyncio-0.23.2.tar.gz", hash = "sha256:c16052382554c7b22d48782ab3438d5b10f8cf7a4bdcae7f0f67f097d95beecc"},
    {file = "pytest_asyncio-0.23.2-py3-none-any.whl", hash = "sha256:ea9021364e32d58f0be43b91c6233fb8d2224ccef2398d6837559e587682808f"},
]

[package.dependencies]
pytest = ">=7.0.0"

[package.extras]
docs = ["sphinx (>=5.3)", "sphinx-rtd-theme (>=1.0)"]
testing = ["coverage (>=6.2)", "hypothesis (>=5.7.1)"]

[[package]]
name = "tinydb"
version = "4.8.0"
description = "TinyDB is a tiny, document oriented database optimized for your happiness :)"
optional = false
python-versions = ">=3.7,<4.0"
files = [
    {file = "tinydb-4.8.0-py3-none-any.whl", hash = "sha256:30c06d12383d7c332e404ca6a6103fb2b32cbf25712689648c39d9a6bd34bd3d"},
    {file = "tinydb-4.8.0.tar.gz", hash = "sha256:6dd686a9c5a75dfa9280088fd79a419aefe19cd7f4bd85eba203540ef856d564"},
]

[metadata]
lock-version = "2.0"
python-versions = "^3.11"
content-hash = "7a60bd6c938a5ad52828b5ac3f17f3f8155b11834431a9fae5ff206ba475d8f1"
